
Microsoft Visual Studio Solution File, Format Version 12.00
# Visual Studio Version 17
VisualStudioVersion = 17.0.31903.59
MinimumVisualStudioVersion = 10.0.40219.1
Project("{2150E333-8FDC-42A3-9474-1A3956D46DE8}") = "src", "src", "{4F573A96-8E9F-4B59-8F9C-1B2A3C4D5E6F}"
EndProject
Project("{2150E333-8FDC-42A3-9474-1A3956D46DE8}") = "Native", "Native", "{5F573A96-8E9F-4B59-8F9C-1B2A3C4D5E6F}"
EndProject
Project("{FAE04EC0-301F-11D3-BF4B-00C04F79EFBC}") = "Baml.Net", "src\Baml.Net\Baml.Net.csproj", "{24F346EC-1DA7-4866-BE84-2258150F0EE7}"
EndProject
Project("{FAE04EC0-301F-11D3-BF4B-00C04F79EFBC}") = "Baml.Net.SourceGenerator", "src\Baml.Net.SourceGenerator\Baml.Net.SourceGenerator.csproj", "{7E8F5C6A-9D8B-4C7A-8F3E-1A2B3C4D5E6F}"
EndProject
Project("{FAE04EC0-301F-11D3-BF4B-00C04F79EFBC}") = "Baml.Net.Native.win-x64", "bindings\Baml.Net.Native.win-x64\Baml.Net.Native.win-x64.csproj", "{ED9B58C4-D680-40EC-A07F-FEA81FF5A7F6}"
EndProject
Project("{FAE04EC0-301F-11D3-BF4B-00C04F79EFBC}") = "Baml.Net.Native.win-arm64", "bindings\Baml.Net.Native.win-arm64\Baml.Net.Native.win-arm64.csproj", "{2A08EF0E-80F8-423E-938D-F0FA0FA9C187}"
EndProject
Project("{FAE04EC0-301F-11D3-BF4B-00C04F79EFBC}") = "Baml.Net.Native.linux-x64", "bindings\Baml.Net.Native.linux-x64\Baml.Net.Native.linux-x64.csproj", "{13709387-9D7F-4DB6-8700-0A2D927CEE8D}"
EndProject
Project("{FAE04EC0-301F-11D3-BF4B-00C04F79EFBC}") = "Baml.Net.Native.linux-arm64", "bindings\Baml.Net.Native.linux-arm64\Baml.Net.Native.linux-arm64.csproj", "{AC8BE6F4-2FB7-484A-9B54-7FD54BD04379}"
EndProject
Project("{FAE04EC0-301F-11D3-BF4B-00C04F79EFBC}") = "Baml.Net.Native.osx-x64", "bindings\Baml.Net.Native.osx-x64\Baml.Net.Native.osx-x64.csproj", "{93B55E0F-35A1-4A54-B233-CC56D8027558}"
EndProject
Project("{FAE04EC0-301F-11D3-BF4B-00C04F79EFBC}") = "Baml.Net.Native.osx-arm64", "bindings\Baml.Net.Native.osx-arm64\Baml.Net.Native.osx-arm64.csproj", "{1A945B9A-2F3F-4283-814C-48C5DF9D4B1A}"
EndProject
Project("{2150E333-8FDC-42A3-9474-1A3956D46DE8}") = "tests", "tests", "{0AB3BF05-4346-4AA6-1389-037BE0695223}"
EndProject
Project("{FAE04EC0-301F-11D3-BF4B-00C04F79EFBC}") = "Baml.Net.Tests", "tests\Baml.Net.Tests\Baml.Net.Tests.csproj", "{8A014D24-B3DE-4F4D-A9A9-8154E3D592E3}"
EndProject
Project("{FAE04EC0-301F-11D3-BF4B-00C04F79EFBC}") = "Baml.Net.CodeGenTests", "tests\Baml.Net.CodeGenTests\Baml.Net.CodeGenTests.csproj", "{9B1A7C6D-2E3F-4B5C-9D8A-3F5E6A7B8C9D}"
EndProject
Project("{FAE04EC0-301F-11D3-BF4B-00C04F79EFBC}") = "Baml.Net.MSBuild", "src\Baml.Net.MSBuild\Baml.Net.MSBuild.csproj", "{95E3BD7E-232F-4A68-8CB7-740FEA592B9C}"
EndProject
Project("{2150E333-8FDC-42A3-9474-1A3956D46DE8}") = "tools", "tools", "{07C2787E-EAC7-C090-1BA3-A61EC2A24D84}"
EndProject
Project("{FAE04EC0-301F-11D3-BF4B-00C04F79EFBC}") = "Baml.Net.CliDebugger", "tools\Baml.Net.CliDebugger\Baml.Net.CliDebugger.csproj", "{537B8EC0-E299-4B30-8B76-54BDE72646B5}"
EndProject
Global
	GlobalSection(SolutionConfigurationPlatforms) = preSolution
		Debug|Any CPU = Debug|Any CPU
		Debug|x64 = Debug|x64
		Debug|x86 = Debug|x86
		Release|Any CPU = Release|Any CPU
		Release|x64 = Release|x64
		Release|x86 = Release|x86
	EndGlobalSection
	GlobalSection(ProjectConfigurationPlatforms) = postSolution
		{24F346EC-1DA7-4866-BE84-2258150F0EE7}.Debug|Any CPU.ActiveCfg = Debug|Any CPU
		{24F346EC-1DA7-4866-BE84-2258150F0EE7}.Debug|Any CPU.Build.0 = Debug|Any CPU
		{24F346EC-1DA7-4866-BE84-2258150F0EE7}.Debug|x64.ActiveCfg = Debug|Any CPU
		{24F346EC-1DA7-4866-BE84-2258150F0EE7}.Debug|x64.Build.0 = Debug|Any CPU
		{24F346EC-1DA7-4866-BE84-2258150F0EE7}.Debug|x86.ActiveCfg = Debug|Any CPU
		{24F346EC-1DA7-4866-BE84-2258150F0EE7}.Debug|x86.Build.0 = Debug|Any CPU
		{24F346EC-1DA7-4866-BE84-2258150F0EE7}.Release|Any CPU.ActiveCfg = Release|Any CPU
		{24F346EC-1DA7-4866-BE84-2258150F0EE7}.Release|Any CPU.Build.0 = Release|Any CPU
		{24F346EC-1DA7-4866-BE84-2258150F0EE7}.Release|x64.ActiveCfg = Release|Any CPU
		{24F346EC-1DA7-4866-BE84-2258150F0EE7}.Release|x64.Build.0 = Release|Any CPU
		{24F346EC-1DA7-4866-BE84-2258150F0EE7}.Release|x86.ActiveCfg = Release|Any CPU
		{24F346EC-1DA7-4866-BE84-2258150F0EE7}.Release|x86.Build.0 = Release|Any CPU
		{7E8F5C6A-9D8B-4C7A-8F3E-1A2B3C4D5E6F}.Debug|Any CPU.ActiveCfg = Debug|Any CPU
		{7E8F5C6A-9D8B-4C7A-8F3E-1A2B3C4D5E6F}.Debug|Any CPU.Build.0 = Debug|Any CPU
		{7E8F5C6A-9D8B-4C7A-8F3E-1A2B3C4D5E6F}.Debug|x64.ActiveCfg = Debug|Any CPU
		{7E8F5C6A-9D8B-4C7A-8F3E-1A2B3C4D5E6F}.Debug|x64.Build.0 = Debug|Any CPU
		{7E8F5C6A-9D8B-4C7A-8F3E-1A2B3C4D5E6F}.Debug|x86.ActiveCfg = Debug|Any CPU
		{7E8F5C6A-9D8B-4C7A-8F3E-1A2B3C4D5E6F}.Debug|x86.Build.0 = Debug|Any CPU
		{7E8F5C6A-9D8B-4C7A-8F3E-1A2B3C4D5E6F}.Release|Any CPU.ActiveCfg = Release|Any CPU
		{7E8F5C6A-9D8B-4C7A-8F3E-1A2B3C4D5E6F}.Release|Any CPU.Build.0 = Release|Any CPU
		{7E8F5C6A-9D8B-4C7A-8F3E-1A2B3C4D5E6F}.Release|x64.ActiveCfg = Release|Any CPU
		{7E8F5C6A-9D8B-4C7A-8F3E-1A2B3C4D5E6F}.Release|x64.Build.0 = Release|Any CPU
		{7E8F5C6A-9D8B-4C7A-8F3E-1A2B3C4D5E6F}.Release|x86.ActiveCfg = Release|Any CPU
		{7E8F5C6A-9D8B-4C7A-8F3E-1A2B3C4D5E6F}.Release|x86.Build.0 = Release|Any CPU
		{ED9B58C4-D680-40EC-A07F-FEA81FF5A7F6}.Debug|Any CPU.ActiveCfg = Debug|Any CPU
		{ED9B58C4-D680-40EC-A07F-FEA81FF5A7F6}.Debug|Any CPU.Build.0 = Debug|Any CPU
		{ED9B58C4-D680-40EC-A07F-FEA81FF5A7F6}.Debug|x64.ActiveCfg = Debug|Any CPU
		{ED9B58C4-D680-40EC-A07F-FEA81FF5A7F6}.Debug|x64.Build.0 = Debug|Any CPU
		{ED9B58C4-D680-40EC-A07F-FEA81FF5A7F6}.Debug|x86.ActiveCfg = Debug|Any CPU
		{ED9B58C4-D680-40EC-A07F-FEA81FF5A7F6}.Debug|x86.Build.0 = Debug|Any CPU
		{ED9B58C4-D680-40EC-A07F-FEA81FF5A7F6}.Release|Any CPU.ActiveCfg = Release|Any CPU
		{ED9B58C4-D680-40EC-A07F-FEA81FF5A7F6}.Release|Any CPU.Build.0 = Release|Any CPU
		{ED9B58C4-D680-40EC-A07F-FEA81FF5A7F6}.Release|x64.ActiveCfg = Release|Any CPU
		{ED9B58C4-D680-40EC-A07F-FEA81FF5A7F6}.Release|x64.Build.0 = Release|Any CPU
		{ED9B58C4-D680-40EC-A07F-FEA81FF5A7F6}.Release|x86.ActiveCfg = Release|Any CPU
		{ED9B58C4-D680-40EC-A07F-FEA81FF5A7F6}.Release|x86.Build.0 = Release|Any CPU
		{2A08EF0E-80F8-423E-938D-F0FA0FA9C187}.Debug|Any CPU.ActiveCfg = Debug|Any CPU
		{2A08EF0E-80F8-423E-938D-F0FA0FA9C187}.Debug|Any CPU.Build.0 = Debug|Any CPU
		{2A08EF0E-80F8-423E-938D-F0FA0FA9C187}.Debug|x64.ActiveCfg = Debug|Any CPU
		{2A08EF0E-80F8-423E-938D-F0FA0FA9C187}.Debug|x64.Build.0 = Debug|Any CPU
		{2A08EF0E-80F8-423E-938D-F0FA0FA9C187}.Debug|x86.ActiveCfg = Debug|Any CPU
		{2A08EF0E-80F8-423E-938D-F0FA0FA9C187}.Debug|x86.Build.0 = Debug|Any CPU
		{2A08EF0E-80F8-423E-938D-F0FA0FA9C187}.Release|Any CPU.ActiveCfg = Release|Any CPU
		{2A08EF0E-80F8-423E-938D-F0FA0FA9C187}.Release|Any CPU.Build.0 = Release|Any CPU
		{2A08EF0E-80F8-423E-938D-F0FA0FA9C187}.Release|x64.ActiveCfg = Release|Any CPU
		{2A08EF0E-80F8-423E-938D-F0FA0FA9C187}.Release|x64.Build.0 = Release|Any CPU
		{2A08EF0E-80F8-423E-938D-F0FA0FA9C187}.Release|x86.ActiveCfg = Release|Any CPU
		{2A08EF0E-80F8-423E-938D-F0FA0FA9C187}.Release|x86.Build.0 = Release|Any CPU
		{13709387-9D7F-4DB6-8700-0A2D927CEE8D}.Debug|Any CPU.ActiveCfg = Debug|Any CPU
		{13709387-9D7F-4DB6-8700-0A2D927CEE8D}.Debug|Any CPU.Build.0 = Debug|Any CPU
		{13709387-9D7F-4DB6-8700-0A2D927CEE8D}.Debug|x64.ActiveCfg = Debug|Any CPU
		{13709387-9D7F-4DB6-8700-0A2D927CEE8D}.Debug|x64.Build.0 = Debug|Any CPU
		{13709387-9D7F-4DB6-8700-0A2D927CEE8D}.Debug|x86.ActiveCfg = Debug|Any CPU
		{13709387-9D7F-4DB6-8700-0A2D927CEE8D}.Debug|x86.Build.0 = Debug|Any CPU
		{13709387-9D7F-4DB6-8700-0A2D927CEE8D}.Release|Any CPU.ActiveCfg = Release|Any CPU
		{13709387-9D7F-4DB6-8700-0A2D927CEE8D}.Release|Any CPU.Build.0 = Release|Any CPU
		{13709387-9D7F-4DB6-8700-0A2D927CEE8D}.Release|x64.ActiveCfg = Release|Any CPU
		{13709387-9D7F-4DB6-8700-0A2D927CEE8D}.Release|x64.Build.0 = Release|Any CPU
		{13709387-9D7F-4DB6-8700-0A2D927CEE8D}.Release|x86.ActiveCfg = Release|Any CPU
		{13709387-9D7F-4DB6-8700-0A2D927CEE8D}.Release|x86.Build.0 = Release|Any CPU
		{AC8BE6F4-2FB7-484A-9B54-7FD54BD04379}.Debug|Any CPU.ActiveCfg = Debug|Any CPU
		{AC8BE6F4-2FB7-484A-9B54-7FD54BD04379}.Debug|Any CPU.Build.0 = Debug|Any CPU
		{AC8BE6F4-2FB7-484A-9B54-7FD54BD04379}.Debug|x64.ActiveCfg = Debug|Any CPU
		{AC8BE6F4-2FB7-484A-9B54-7FD54BD04379}.Debug|x64.Build.0 = Debug|Any CPU
		{AC8BE6F4-2FB7-484A-9B54-7FD54BD04379}.Debug|x86.ActiveCfg = Debug|Any CPU
		{AC8BE6F4-2FB7-484A-9B54-7FD54BD04379}.Debug|x86.Build.0 = Debug|Any CPU
		{AC8BE6F4-2FB7-484A-9B54-7FD54BD04379}.Release|Any CPU.ActiveCfg = Release|Any CPU
		{AC8BE6F4-2FB7-484A-9B54-7FD54BD04379}.Release|Any CPU.Build.0 = Release|Any CPU
		{AC8BE6F4-2FB7-484A-9B54-7FD54BD04379}.Release|x64.ActiveCfg = Release|Any CPU
		{AC8BE6F4-2FB7-484A-9B54-7FD54BD04379}.Release|x64.Build.0 = Release|Any CPU
		{AC8BE6F4-2FB7-484A-9B54-7FD54BD04379}.Release|x86.ActiveCfg = Release|Any CPU
		{AC8BE6F4-2FB7-484A-9B54-7FD54BD04379}.Release|x86.Build.0 = Release|Any CPU
		{93B55E0F-35A1-4A54-B233-CC56D8027558}.Debug|Any CPU.ActiveCfg = Debug|Any CPU
		{93B55E0F-35A1-4A54-B233-CC56D8027558}.Debug|Any CPU.Build.0 = Debug|Any CPU
		{93B55E0F-35A1-4A54-B233-CC56D8027558}.Debug|x64.ActiveCfg = Debug|Any CPU
		{93B55E0F-35A1-4A54-B233-CC56D8027558}.Debug|x64.Build.0 = Debug|Any CPU
		{93B55E0F-35A1-4A54-B233-CC56D8027558}.Debug|x86.ActiveCfg = Debug|Any CPU
		{93B55E0F-35A1-4A54-B233-CC56D8027558}.Debug|x86.Build.0 = Debug|Any CPU
		{93B55E0F-35A1-4A54-B233-CC56D8027558}.Release|Any CPU.ActiveCfg = Release|Any CPU
		{93B55E0F-35A1-4A54-B233-CC56D8027558}.Release|Any CPU.Build.0 = Release|Any CPU
		{93B55E0F-35A1-4A54-B233-CC56D8027558}.Release|x64.ActiveCfg = Release|Any CPU
		{93B55E0F-35A1-4A54-B233-CC56D8027558}.Release|x64.Build.0 = Release|Any CPU
		{93B55E0F-35A1-4A54-B233-CC56D8027558}.Release|x86.ActiveCfg = Release|Any CPU
		{93B55E0F-35A1-4A54-B233-CC56D8027558}.Release|x86.Build.0 = Release|Any CPU
		{1A945B9A-2F3F-4283-814C-48C5DF9D4B1A}.Debug|Any CPU.ActiveCfg = Debug|Any CPU
		{1A945B9A-2F3F-4283-814C-48C5DF9D4B1A}.Debug|Any CPU.Build.0 = Debug|Any CPU
		{1A945B9A-2F3F-4283-814C-48C5DF9D4B1A}.Debug|x64.ActiveCfg = Debug|Any CPU
		{1A945B9A-2F3F-4283-814C-48C5DF9D4B1A}.Debug|x64.Build.0 = Debug|Any CPU
		{1A945B9A-2F3F-4283-814C-48C5DF9D4B1A}.Debug|x86.ActiveCfg = Debug|Any CPU
		{1A945B9A-2F3F-4283-814C-48C5DF9D4B1A}.Debug|x86.Build.0 = Debug|Any CPU
		{1A945B9A-2F3F-4283-814C-48C5DF9D4B1A}.Release|Any CPU.ActiveCfg = Release|Any CPU
		{1A945B9A-2F3F-4283-814C-48C5DF9D4B1A}.Release|Any CPU.Build.0 = Release|Any CPU
		{1A945B9A-2F3F-4283-814C-48C5DF9D4B1A}.Release|x64.ActiveCfg = Release|Any CPU
		{1A945B9A-2F3F-4283-814C-48C5DF9D4B1A}.Release|x64.Build.0 = Release|Any CPU
		{1A945B9A-2F3F-4283-814C-48C5DF9D4B1A}.Release|x86.ActiveCfg = Release|Any CPU
		{1A945B9A-2F3F-4283-814C-48C5DF9D4B1A}.Release|x86.Build.0 = Release|Any CPU
		{8A014D24-B3DE-4F4D-A9A9-8154E3D592E3}.Debug|Any CPU.ActiveCfg = Debug|Any CPU
		{8A014D24-B3DE-4F4D-A9A9-8154E3D592E3}.Debug|Any CPU.Build.0 = Debug|Any CPU
		{8A014D24-B3DE-4F4D-A9A9-8154E3D592E3}.Debug|x64.ActiveCfg = Debug|Any CPU
		{8A014D24-B3DE-4F4D-A9A9-8154E3D592E3}.Debug|x64.Build.0 = Debug|Any CPU
		{8A014D24-B3DE-4F4D-A9A9-8154E3D592E3}.Debug|x86.ActiveCfg = Debug|Any CPU
		{8A014D24-B3DE-4F4D-A9A9-8154E3D592E3}.Debug|x86.Build.0 = Debug|Any CPU
		{8A014D24-B3DE-4F4D-A9A9-8154E3D592E3}.Release|Any CPU.ActiveCfg = Release|Any CPU
		{8A014D24-B3DE-4F4D-A9A9-8154E3D592E3}.Release|Any CPU.Build.0 = Release|Any CPU
		{8A014D24-B3DE-4F4D-A9A9-8154E3D592E3}.Release|x64.ActiveCfg = Release|Any CPU
		{8A014D24-B3DE-4F4D-A9A9-8154E3D592E3}.Release|x64.Build.0 = Release|Any CPU
		{8A014D24-B3DE-4F4D-A9A9-8154E3D592E3}.Release|x86.ActiveCfg = Release|Any CPU
		{8A014D24-B3DE-4F4D-A9A9-8154E3D592E3}.Release|x86.Build.0 = Release|Any CPU
		{9B1A7C6D-2E3F-4B5C-9D8A-3F5E6A7B8C9D}.Debug|Any CPU.ActiveCfg = Debug|Any CPU
		{9B1A7C6D-2E3F-4B5C-9D8A-3F5E6A7B8C9D}.Debug|Any CPU.Build.0 = Debug|Any CPU
		{9B1A7C6D-2E3F-4B5C-9D8A-3F5E6A7B8C9D}.Debug|x64.ActiveCfg = Debug|Any CPU
		{9B1A7C6D-2E3F-4B5C-9D8A-3F5E6A7B8C9D}.Debug|x64.Build.0 = Debug|Any CPU
		{9B1A7C6D-2E3F-4B5C-9D8A-3F5E6A7B8C9D}.Debug|x86.ActiveCfg = Debug|Any CPU
		{9B1A7C6D-2E3F-4B5C-9D8A-3F5E6A7B8C9D}.Debug|x86.Build.0 = Debug|Any CPU
		{9B1A7C6D-2E3F-4B5C-9D8A-3F5E6A7B8C9D}.Release|Any CPU.ActiveCfg = Release|Any CPU
		{9B1A7C6D-2E3F-4B5C-9D8A-3F5E6A7B8C9D}.Release|Any CPU.Build.0 = Release|Any CPU
		{9B1A7C6D-2E3F-4B5C-9D8A-3F5E6A7B8C9D}.Release|x64.ActiveCfg = Release|Any CPU
		{9B1A7C6D-2E3F-4B5C-9D8A-3F5E6A7B8C9D}.Release|x64.Build.0 = Release|Any CPU
		{9B1A7C6D-2E3F-4B5C-9D8A-3F5E6A7B8C9D}.Release|x86.ActiveCfg = Release|Any CPU
		{9B1A7C6D-2E3F-4B5C-9D8A-3F5E6A7B8C9D}.Release|x86.Build.0 = Release|Any CPU
		{95E3BD7E-232F-4A68-8CB7-740FEA592B9C}.Debug|Any CPU.ActiveCfg = Debug|Any CPU
		{95E3BD7E-232F-4A68-8CB7-740FEA592B9C}.Debug|Any CPU.Build.0 = Debug|Any CPU
		{95E3BD7E-232F-4A68-8CB7-740FEA592B9C}.Debug|x64.ActiveCfg = Debug|Any CPU
		{95E3BD7E-232F-4A68-8CB7-740FEA592B9C}.Debug|x64.Build.0 = Debug|Any CPU
		{95E3BD7E-232F-4A68-8CB7-740FEA592B9C}.Debug|x86.ActiveCfg = Debug|Any CPU
		{95E3BD7E-232F-4A68-8CB7-740FEA592B9C}.Debug|x86.Build.0 = Debug|Any CPU
		{95E3BD7E-232F-4A68-8CB7-740FEA592B9C}.Release|Any CPU.ActiveCfg = Release|Any CPU
		{95E3BD7E-232F-4A68-8CB7-740FEA592B9C}.Release|Any CPU.Build.0 = Release|Any CPU
		{95E3BD7E-232F-4A68-8CB7-740FEA592B9C}.Release|x64.ActiveCfg = Release|Any CPU
		{95E3BD7E-232F-4A68-8CB7-740FEA592B9C}.Release|x64.Build.0 = Release|Any CPU
		{95E3BD7E-232F-4A68-8CB7-740FEA592B9C}.Release|x86.ActiveCfg = Release|Any CPU
		{95E3BD7E-232F-4A68-8CB7-740FEA592B9C}.Release|x86.Build.0 = Release|Any CPU
		{537B8EC0-E299-4B30-8B76-54BDE72646B5}.Debug|Any CPU.ActiveCfg = Debug|Any CPU
		{537B8EC0-E299-4B30-8B76-54BDE72646B5}.Debug|Any CPU.Build.0 = Debug|Any CPU
		{537B8EC0-E299-4B30-8B76-54BDE72646B5}.Debug|x64.ActiveCfg = Debug|Any CPU
		{537B8EC0-E299-4B30-8B76-54BDE72646B5}.Debug|x64.Build.0 = Debug|Any CPU
		{537B8EC0-E299-4B30-8B76-54BDE72646B5}.Debug|x86.ActiveCfg = Debug|Any CPU
		{537B8EC0-E299-4B30-8B76-54BDE72646B5}.Debug|x86.Build.0 = Debug|Any CPU
		{537B8EC0-E299-4B30-8B76-54BDE72646B5}.Release|Any CPU.ActiveCfg = Release|Any CPU
		{537B8EC0-E299-4B30-8B76-54BDE72646B5}.Release|Any CPU.Build.0 = Release|Any CPU
		{537B8EC0-E299-4B30-8B76-54BDE72646B5}.Release|x64.ActiveCfg = Release|Any CPU
		{537B8EC0-E299-4B30-8B76-54BDE72646B5}.Release|x64.Build.0 = Release|Any CPU
		{537B8EC0-E299-4B30-8B76-54BDE72646B5}.Release|x86.ActiveCfg = Release|Any CPU
		{537B8EC0-E299-4B30-8B76-54BDE72646B5}.Release|x86.Build.0 = Release|Any CPU
	EndGlobalSection
	GlobalSection(SolutionProperties) = preSolution
		HideSolutionNode = FALSE
	EndGlobalSection
	GlobalSection(NestedProjects) = preSolution
		{24F346EC-1DA7-4866-BE84-2258150F0EE7} = {4F573A96-8E9F-4B59-8F9C-1B2A3C4D5E6F}
		{7E8F5C6A-9D8B-4C7A-8F3E-1A2B3C4D5E6F} = {4F573A96-8E9F-4B59-8F9C-1B2A3C4D5E6F}
		{ED9B58C4-D680-40EC-A07F-FEA81FF5A7F6} = {5F573A96-8E9F-4B59-8F9C-1B2A3C4D5E6F}
		{2A08EF0E-80F8-423E-938D-F0FA0FA9C187} = {5F573A96-8E9F-4B59-8F9C-1B2A3C4D5E6F}
		{13709387-9D7F-4DB6-8700-0A2D927CEE8D} = {5F573A96-8E9F-4B59-8F9C-1B2A3C4D5E6F}
		{AC8BE6F4-2FB7-484A-9B54-7FD54BD04379} = {5F573A96-8E9F-4B59-8F9C-1B2A3C4D5E6F}
		{93B55E0F-35A1-4A54-B233-CC56D8027558} = {5F573A96-8E9F-4B59-8F9C-1B2A3C4D5E6F}
		{1A945B9A-2F3F-4283-814C-48C5DF9D4B1A} = {5F573A96-8E9F-4B59-8F9C-1B2A3C4D5E6F}
		{8A014D24-B3DE-4F4D-A9A9-8154E3D592E3} = {0AB3BF05-4346-4AA6-1389-037BE0695223}
		{9B1A7C6D-2E3F-4B5C-9D8A-3F5E6A7B8C9D} = {0AB3BF05-4346-4AA6-1389-037BE0695223}
		{95E3BD7E-232F-4A68-8CB7-740FEA592B9C} = {4F573A96-8E9F-4B59-8F9C-1B2A3C4D5E6F}
		{537B8EC0-E299-4B30-8B76-54BDE72646B5} = {07C2787E-EAC7-C090-1BA3-A61EC2A24D84}
	EndGlobalSection
	GlobalSection(RiderSharedRunConfigurations) = postSolution
		File = baml\jetbrains\.run\Publish Plugin.run.xml
	EndGlobalSection
EndGlobal
